
Microsoft Visual Studio Solution File, Format Version 12.00
# Visual Studio Version 16
VisualStudioVersion = 16.0.31424.327
MinimumVisualStudioVersion = 10.0.40219.1
Project("{8BC9CEB8-8B4A-11D0-8D11-00A0C91BC942}") = "211203_Lab14", "211203_Lab14.vcxproj", "{C3739D8C-E88F-4529-A122-DD116EA3377E}"
EndProject
Global
	GlobalSection(SolutionConfigurationPlatforms) = preSolution
		Debug|x64 = Debug|x64
		Debug|x86 = Debug|x86
		Release|x64 = Release|x64
		Release|x86 = Release|x86
	EndGlobalSection
	GlobalSection(ProjectConfigurationPlatforms) = postSolution
		{C3739D8C-E88F-4529-A122-DD116EA3377E}.Debug|x64.ActiveCfg = Debug|x64
		{C3739D8C-E88F-4529-A122-DD116EA3377E}.Debug|x64.Build.0 = Debug|x64
		{C3739D8C-E88F-4529-A122-DD116EA3377E}.Debug|x86.ActiveCfg = Debug|Win32
		{C3739D8C-E88F-4529-A122-DD116EA3377E}.Debug|x86.Build.0 = Debug|Win32
		{C3739D8C-E88F-4529-A122-DD116EA3377E}.Release|x64.ActiveCfg = Release|x64
		{C3739D8C-E88F-4529-A122-DD116EA3377E}.Release|x64.Build.0 = Release|x64
		{C3739D8C-E88F-4529-A122-DD116EA3377E}.Release|x86.ActiveCfg = Release|Win32
		{C3739D8C-E88F-4529-A122-DD116EA3377E}.Release|x86.Build.0 = Release|Win32
	EndGlobalSection
	GlobalSection(SolutionProperties) = preSolution
		HideSolutionNode = FALSE
	EndGlobalSection
	GlobalSection(ExtensibilityGlobals) = postSolution
		SolutionGuid = {6FC9276F-9D35-4B0E-B746-A1017220F610}
	EndGlobalSection
EndGlobal
